
Microsoft Visual Studio Solution File, Format Version 12.00
# Visual Studio Version 17
VisualStudioVersion = 17.3.32519.111
MinimumVisualStudioVersion = 10.0.40219.1
Project("{9A19103F-16F7-4668-BE54-9A1E7A4F7556}") = "APIFinancas", "APIFinancas.csproj", "{89A936B5-B409-49F1-B4AB-D255AF799BEA}"
EndProject
Project("{9A19103F-16F7-4668-BE54-9A1E7A4F7556}") = "APIs.Security.JWT", "..\APIs.Security.JWT\APIs.Security.JWT.csproj", "{2CF94746-CB3C-4139-9725-E06E30CB2FE9}"
EndProject
Project("{9A19103F-16F7-4668-BE54-9A1E7A4F7556}") = "Calculos.Common", "..\Calculos.Common\Calculos.Common.csproj", "{ACBBAFFF-6B57-45F9-A8D2-5C6BA258EEC3}"
EndProject
Global
	GlobalSection(SolutionConfigurationPlatforms) = preSolution
		Debug|Any CPU = Debug|Any CPU
		Release|Any CPU = Release|Any CPU
	EndGlobalSection
	GlobalSection(ProjectConfigurationPlatforms) = postSolution
		{89A936B5-B409-49F1-B4AB-D255AF799BEA}.Debug|Any CPU.ActiveCfg = Debug|Any CPU
		{89A936B5-B409-49F1-B4AB-D255AF799BEA}.Debug|Any CPU.Build.0 = Debug|Any CPU
		{89A936B5-B409-49F1-B4AB-D255AF799BEA}.Release|Any CPU.ActiveCfg = Release|Any CPU
		{89A936B5-B409-49F1-B4AB-D255AF799BEA}.Release|Any CPU.Build.0 = Release|Any CPU
		{2CF94746-CB3C-4139-9725-E06E30CB2FE9}.Debug|Any CPU.ActiveCfg = Debug|Any CPU
		{2CF94746-CB3C-4139-9725-E06E30CB2FE9}.Debug|Any CPU.Build.0 = Debug|Any CPU
		{2CF94746-CB3C-4139-9725-E06E30CB2FE9}.Release|Any CPU.ActiveCfg = Release|Any CPU
		{2CF94746-CB3C-4139-9725-E06E30CB2FE9}.Release|Any CPU.Build.0 = Release|Any CPU
		{ACBBAFFF-6B57-45F9-A8D2-5C6BA258EEC3}.Debug|Any CPU.ActiveCfg = Debug|Any CPU
		{ACBBAFFF-6B57-45F9-A8D2-5C6BA258EEC3}.Debug|Any CPU.Build.0 = Debug|Any CPU
		{ACBBAFFF-6B57-45F9-A8D2-5C6BA258EEC3}.Release|Any CPU.ActiveCfg = Release|Any CPU
		{ACBBAFFF-6B57-45F9-A8D2-5C6BA258EEC3}.Release|Any CPU.Build.0 = Release|Any CPU
	EndGlobalSection
	GlobalSection(SolutionProperties) = preSolution
		HideSolutionNode = FALSE
	EndGlobalSection
	GlobalSection(ExtensibilityGlobals) = postSolution
		SolutionGuid = {E0073949-1090-4A09-B403-18FBF8670B1C}
	EndGlobalSection
EndGlobal
